// !$*UTF8*$!
{
	archiveVersion = 1;
	classes = {
	};
	objectVersion = 51;
	objects = {

/* Begin PBXBuildFile section */
		3DFF917C64A18A83DA010EE1 /* Pods_KaMPKitiOS.framework in Frameworks */ = {isa = PBXBuildFile; fileRef = B859F3FB23133D22AB9DD835 /* Pods_KaMPKitiOS.framework */; };
		45E5A5EE249A6FFF00C3791B /* BreedCell.swift in Sources */ = {isa = PBXBuildFile; fileRef = 45E5A5ED249A6FFF00C3791B /* BreedCell.swift */; };
		46B5284D249C5CF400A7725D /* Koin.swift in Sources */ = {isa = PBXBuildFile; fileRef = 46B5284C249C5CF400A7725D /* Koin.swift */; };
		F1465F0123AA94BF0055F7C3 /* AppDelegate.swift in Sources */ = {isa = PBXBuildFile; fileRef = F1465F0023AA94BF0055F7C3 /* AppDelegate.swift */; };
		F1465F0523AA94BF0055F7C3 /* ViewController.swift in Sources */ = {isa = PBXBuildFile; fileRef = F1465F0423AA94BF0055F7C3 /* ViewController.swift */; };
		F1465F0823AA94BF0055F7C3 /* Main.storyboard in Resources */ = {isa = PBXBuildFile; fileRef = F1465F0623AA94BF0055F7C3 /* Main.storyboard */; };
		F1465F0A23AA94BF0055F7C3 /* Assets.xcassets in Resources */ = {isa = PBXBuildFile; fileRef = F1465F0923AA94BF0055F7C3 /* Assets.xcassets */; };
		F1465F0D23AA94BF0055F7C3 /* LaunchScreen.storyboard in Resources */ = {isa = PBXBuildFile; fileRef = F1465F0B23AA94BF0055F7C3 /* LaunchScreen.storyboard */; };
		F1465F1823AA94C00055F7C3 /* KaMPKitiOSTests.swift in Sources */ = {isa = PBXBuildFile; fileRef = F1465F1723AA94C00055F7C3 /* KaMPKitiOSTests.swift */; };
		F1465F2323AA94C00055F7C3 /* KaMPKitiOSUITests.swift in Sources */ = {isa = PBXBuildFile; fileRef = F1465F2223AA94C00055F7C3 /* KaMPKitiOSUITests.swift */; };
/* End PBXBuildFile section */

/* Begin PBXContainerItemProxy section */
		F1465F1423AA94C00055F7C3 /* PBXContainerItemProxy */ = {
			isa = PBXContainerItemProxy;
			containerPortal = F1465EF523AA94BF0055F7C3 /* Project object */;
			proxyType = 1;
			remoteGlobalIDString = F1465EFC23AA94BF0055F7C3;
			remoteInfo = KaMPKitiOS;
		};
		F1465F1F23AA94C00055F7C3 /* PBXContainerItemProxy */ = {
			isa = PBXContainerItemProxy;
			containerPortal = F1465EF523AA94BF0055F7C3 /* Project object */;
			proxyType = 1;
			remoteGlobalIDString = F1465EFC23AA94BF0055F7C3;
			remoteInfo = KaMPKitiOS;
		};
/* End PBXContainerItemProxy section */

/* Begin PBXFileReference section */
		1DFCC00C8DAA719770A18D1A /* Pods-KaMPKitiOS.release.xcconfig */ = {isa = PBXFileReference; includeInIndex = 1; lastKnownFileType = text.xcconfig; name = "Pods-KaMPKitiOS.release.xcconfig"; path = "Pods/Target Support Files/Pods-KaMPKitiOS/Pods-KaMPKitiOS.release.xcconfig"; sourceTree = "<group>"; };
		2A1ED6A4A2A53F5F75C58E5F /* Pods-KaMPKitiOS.release.xcconfig */ = {isa = PBXFileReference; includeInIndex = 1; lastKnownFileType = text.xcconfig; name = "Pods-KaMPKitiOS.release.xcconfig"; path = "Pods/Target Support Files/Pods-KaMPKitiOS/Pods-KaMPKitiOS.release.xcconfig"; sourceTree = "<group>"; };
		45E5A5ED249A6FFF00C3791B /* BreedCell.swift */ = {isa = PBXFileReference; lastKnownFileType = sourcecode.swift; path = BreedCell.swift; sourceTree = "<group>"; };
		46B5284C249C5CF400A7725D /* Koin.swift */ = {isa = PBXFileReference; lastKnownFileType = sourcecode.swift; path = Koin.swift; sourceTree = "<group>"; };
		B859F3FB23133D22AB9DD835 /* Pods_KaMPKitiOS.framework */ = {isa = PBXFileReference; explicitFileType = wrapper.framework; includeInIndex = 0; path = Pods_KaMPKitiOS.framework; sourceTree = BUILT_PRODUCTS_DIR; };
		ED1F782AF3705197012D0C33 /* Pods-KaMPKitiOS.debug.xcconfig */ = {isa = PBXFileReference; includeInIndex = 1; lastKnownFileType = text.xcconfig; name = "Pods-KaMPKitiOS.debug.xcconfig"; path = "Pods/Target Support Files/Pods-KaMPKitiOS/Pods-KaMPKitiOS.debug.xcconfig"; sourceTree = "<group>"; };
		F1465EFD23AA94BF0055F7C3 /* KaMPKitiOS.app */ = {isa = PBXFileReference; explicitFileType = wrapper.application; includeInIndex = 0; path = KaMPKitiOS.app; sourceTree = BUILT_PRODUCTS_DIR; };
		F1465F0023AA94BF0055F7C3 /* AppDelegate.swift */ = {isa = PBXFileReference; lastKnownFileType = sourcecode.swift; path = AppDelegate.swift; sourceTree = "<group>"; };
		F1465F0423AA94BF0055F7C3 /* ViewController.swift */ = {isa = PBXFileReference; lastKnownFileType = sourcecode.swift; path = ViewController.swift; sourceTree = "<group>"; };
		F1465F0723AA94BF0055F7C3 /* Base */ = {isa = PBXFileReference; lastKnownFileType = file.storyboard; name = Base; path = Base.lproj/Main.storyboard; sourceTree = "<group>"; };
		F1465F0923AA94BF0055F7C3 /* Assets.xcassets */ = {isa = PBXFileReference; lastKnownFileType = folder.assetcatalog; path = Assets.xcassets; sourceTree = "<group>"; };
		F1465F0C23AA94BF0055F7C3 /* Base */ = {isa = PBXFileReference; lastKnownFileType = file.storyboard; name = Base; path = Base.lproj/LaunchScreen.storyboard; sourceTree = "<group>"; };
		F1465F0E23AA94BF0055F7C3 /* Info.plist */ = {isa = PBXFileReference; lastKnownFileType = text.plist.xml; path = Info.plist; sourceTree = "<group>"; };
		F1465F1323AA94C00055F7C3 /* KaMPKitiOSTests.xctest */ = {isa = PBXFileReference; explicitFileType = wrapper.cfbundle; includeInIndex = 0; path = KaMPKitiOSTests.xctest; sourceTree = BUILT_PRODUCTS_DIR; };
		F1465F1723AA94C00055F7C3 /* KaMPKitiOSTests.swift */ = {isa = PBXFileReference; lastKnownFileType = sourcecode.swift; path = KaMPKitiOSTests.swift; sourceTree = "<group>"; };
		F1465F1923AA94C00055F7C3 /* Info.plist */ = {isa = PBXFileReference; lastKnownFileType = text.plist.xml; path = Info.plist; sourceTree = "<group>"; };
		F1465F1E23AA94C00055F7C3 /* KaMPKitiOSUITests.xctest */ = {isa = PBXFileReference; explicitFileType = wrapper.cfbundle; includeInIndex = 0; path = KaMPKitiOSUITests.xctest; sourceTree = BUILT_PRODUCTS_DIR; };
		F1465F2223AA94C00055F7C3 /* KaMPKitiOSUITests.swift */ = {isa = PBXFileReference; lastKnownFileType = sourcecode.swift; path = KaMPKitiOSUITests.swift; sourceTree = "<group>"; };
		F1465F2423AA94C00055F7C3 /* Info.plist */ = {isa = PBXFileReference; lastKnownFileType = text.plist.xml; path = Info.plist; sourceTree = "<group>"; };
		F9C259C83C689DF8F4602F38 /* Pods-KaMPKitiOS.debug.xcconfig */ = {isa = PBXFileReference; includeInIndex = 1; lastKnownFileType = text.xcconfig; name = "Pods-KaMPKitiOS.debug.xcconfig"; path = "Pods/Target Support Files/Pods-KaMPKitiOS/Pods-KaMPKitiOS.debug.xcconfig"; sourceTree = "<group>"; };
/* End PBXFileReference section */

/* Begin PBXFrameworksBuildPhase section */
		F1465EFA23AA94BF0055F7C3 /* Frameworks */ = {
			isa = PBXFrameworksBuildPhase;
			buildActionMask = 2147483647;
			files = (
				3DFF917C64A18A83DA010EE1 /* Pods_KaMPKitiOS.framework in Frameworks */,
			);
			runOnlyForDeploymentPostprocessing = 0;
		};
		F1465F1023AA94C00055F7C3 /* Frameworks */ = {
			isa = PBXFrameworksBuildPhase;
			buildActionMask = 2147483647;
			files = (
			);
			runOnlyForDeploymentPostprocessing = 0;
		};
		F1465F1B23AA94C00055F7C3 /* Frameworks */ = {
			isa = PBXFrameworksBuildPhase;
			buildActionMask = 2147483647;
			files = (
			);
			runOnlyForDeploymentPostprocessing = 0;
		};
/* End PBXFrameworksBuildPhase section */

/* Begin PBXGroup section */
		6278498AD96A4D949D39BF44 /* Frameworks */ = {
			isa = PBXGroup;
			children = (
				B859F3FB23133D22AB9DD835 /* Pods_KaMPKitiOS.framework */,
			);
			name = Frameworks;
			sourceTree = "<group>";
		};
		DF9BBECBCD175B90105DA8D9 /* Pods */ = {
			isa = PBXGroup;
			children = (
				F9C259C83C689DF8F4602F38 /* Pods-KaMPKitiOS.debug.xcconfig */,
				1DFCC00C8DAA719770A18D1A /* Pods-KaMPKitiOS.release.xcconfig */,
				ED1F782AF3705197012D0C33 /* Pods-KaMPKitiOS.debug.xcconfig */,
				2A1ED6A4A2A53F5F75C58E5F /* Pods-KaMPKitiOS.release.xcconfig */,
			);
			name = Pods;
			sourceTree = "<group>";
		};
		F1465EF423AA94BF0055F7C3 = {
			isa = PBXGroup;
			children = (
				F1465EFF23AA94BF0055F7C3 /* KaMPKitiOS */,
				F1465F1623AA94C00055F7C3 /* KaMPKitiOSTests */,
				F1465F2123AA94C00055F7C3 /* KaMPKitiOSUITests */,
				F1465EFE23AA94BF0055F7C3 /* Products */,
				DF9BBECBCD175B90105DA8D9 /* Pods */,
				6278498AD96A4D949D39BF44 /* Frameworks */,
			);
			sourceTree = "<group>";
		};
		F1465EFE23AA94BF0055F7C3 /* Products */ = {
			isa = PBXGroup;
			children = (
				F1465EFD23AA94BF0055F7C3 /* KaMPKitiOS.app */,
				F1465F1323AA94C00055F7C3 /* KaMPKitiOSTests.xctest */,
				F1465F1E23AA94C00055F7C3 /* KaMPKitiOSUITests.xctest */,
			);
			name = Products;
			sourceTree = "<group>";
		};
		F1465EFF23AA94BF0055F7C3 /* KaMPKitiOS */ = {
			isa = PBXGroup;
			children = (
				F1465F0023AA94BF0055F7C3 /* AppDelegate.swift */,
				F1465F0423AA94BF0055F7C3 /* ViewController.swift */,
				45E5A5ED249A6FFF00C3791B /* BreedCell.swift */,
				46B5284C249C5CF400A7725D /* Koin.swift */,
				F1465F0623AA94BF0055F7C3 /* Main.storyboard */,
				F1465F0923AA94BF0055F7C3 /* Assets.xcassets */,
				F1465F0B23AA94BF0055F7C3 /* LaunchScreen.storyboard */,
				F1465F0E23AA94BF0055F7C3 /* Info.plist */,
			);
			path = KaMPKitiOS;
			sourceTree = "<group>";
		};
		F1465F1623AA94C00055F7C3 /* KaMPKitiOSTests */ = {
			isa = PBXGroup;
			children = (
				F1465F1723AA94C00055F7C3 /* KaMPKitiOSTests.swift */,
				F1465F1923AA94C00055F7C3 /* Info.plist */,
			);
			path = KaMPKitiOSTests;
			sourceTree = "<group>";
		};
		F1465F2123AA94C00055F7C3 /* KaMPKitiOSUITests */ = {
			isa = PBXGroup;
			children = (
				F1465F2223AA94C00055F7C3 /* KaMPKitiOSUITests.swift */,
				F1465F2423AA94C00055F7C3 /* Info.plist */,
			);
			path = KaMPKitiOSUITests;
			sourceTree = "<group>";
		};
/* End PBXGroup section */

/* Begin PBXNativeTarget section */
		F1465EFC23AA94BF0055F7C3 /* KaMPKitiOS */ = {
			isa = PBXNativeTarget;
			buildConfigurationList = F1465F2723AA94C00055F7C3 /* Build configuration list for PBXNativeTarget "KaMPKitiOS" */;
			buildPhases = (
				DE3B37D33D11C1968D62DBBA /* [CP] Check Pods Manifest.lock */,
				F1465EF923AA94BF0055F7C3 /* Sources */,
				F1465EFA23AA94BF0055F7C3 /* Frameworks */,
				F1465EFB23AA94BF0055F7C3 /* Resources */,
			);
			buildRules = (
			);
			dependencies = (
			);
			name = KaMPKitiOS;
			productName = KaMPKitiOS;
			productReference = F1465EFD23AA94BF0055F7C3 /* KaMPKitiOS.app */;
			productType = "com.apple.product-type.application";
		};
		F1465F1223AA94C00055F7C3 /* KaMPKitiOSTests */ = {
			isa = PBXNativeTarget;
			buildConfigurationList = F1465F2A23AA94C00055F7C3 /* Build configuration list for PBXNativeTarget "KaMPKitiOSTests" */;
			buildPhases = (
				F1465F0F23AA94C00055F7C3 /* Sources */,
				F1465F1023AA94C00055F7C3 /* Frameworks */,
				F1465F1123AA94C00055F7C3 /* Resources */,
			);
			buildRules = (
			);
			dependencies = (
				F1465F1523AA94C00055F7C3 /* PBXTargetDependency */,
			);
			name = KaMPKitiOSTests;
			productName = KaMPKitiOSTests;
			productReference = F1465F1323AA94C00055F7C3 /* KaMPKitiOSTests.xctest */;
			productType = "com.apple.product-type.bundle.unit-test";
		};
		F1465F1D23AA94C00055F7C3 /* KaMPKitiOSUITests */ = {
			isa = PBXNativeTarget;
			buildConfigurationList = F1465F2D23AA94C00055F7C3 /* Build configuration list for PBXNativeTarget "KaMPKitiOSUITests" */;
			buildPhases = (
				F1465F1A23AA94C00055F7C3 /* Sources */,
				F1465F1B23AA94C00055F7C3 /* Frameworks */,
				F1465F1C23AA94C00055F7C3 /* Resources */,
			);
			buildRules = (
			);
			dependencies = (
				F1465F2023AA94C00055F7C3 /* PBXTargetDependency */,
			);
			name = KaMPKitiOSUITests;
			productName = KaMPKitiOSUITests;
			productReference = F1465F1E23AA94C00055F7C3 /* KaMPKitiOSUITests.xctest */;
			productType = "com.apple.product-type.bundle.ui-testing";
		};
/* End PBXNativeTarget section */

/* Begin PBXProject section */
		F1465EF523AA94BF0055F7C3 /* Project object */ = {
			isa = PBXProject;
			attributes = {
				LastSwiftUpdateCheck = 1120;
				LastUpgradeCheck = 1220;
				ORGANIZATIONNAME = Touchlab;
				TargetAttributes = {
					F1465EFC23AA94BF0055F7C3 = {
						CreatedOnToolsVersion = 11.2.1;
					};
					F1465F1223AA94C00055F7C3 = {
						CreatedOnToolsVersion = 11.2.1;
						TestTargetID = F1465EFC23AA94BF0055F7C3;
					};
					F1465F1D23AA94C00055F7C3 = {
						CreatedOnToolsVersion = 11.2.1;
						TestTargetID = F1465EFC23AA94BF0055F7C3;
					};
				};
			};
			buildConfigurationList = F1465EF823AA94BF0055F7C3 /* Build configuration list for PBXProject "KaMPKitiOS" */;
			compatibilityVersion = "Xcode 9.3";
			developmentRegion = en;
			hasScannedForEncodings = 0;
			knownRegions = (
				en,
				Base,
			);
			mainGroup = F1465EF423AA94BF0055F7C3;
			productRefGroup = F1465EFE23AA94BF0055F7C3 /* Products */;
			projectDirPath = "";
			projectRoot = "";
			targets = (
				F1465EFC23AA94BF0055F7C3 /* KaMPKitiOS */,
				F1465F1223AA94C00055F7C3 /* KaMPKitiOSTests */,
				F1465F1D23AA94C00055F7C3 /* KaMPKitiOSUITests */,
			);
		};
/* End PBXProject section */

/* Begin PBXResourcesBuildPhase section */
		F1465EFB23AA94BF0055F7C3 /* Resources */ = {
			isa = PBXResourcesBuildPhase;
			buildActionMask = 2147483647;
			files = (
				F1465F0D23AA94BF0055F7C3 /* LaunchScreen.storyboard in Resources */,
				F1465F0A23AA94BF0055F7C3 /* Assets.xcassets in Resources */,
				F1465F0823AA94BF0055F7C3 /* Main.storyboard in Resources */,
			);
			runOnlyForDeploymentPostprocessing = 0;
		};
		F1465F1123AA94C00055F7C3 /* Resources */ = {
			isa = PBXResourcesBuildPhase;
			buildActionMask = 2147483647;
			files = (
			);
			runOnlyForDeploymentPostprocessing = 0;
		};
		F1465F1C23AA94C00055F7C3 /* Resources */ = {
			isa = PBXResourcesBuildPhase;
			buildActionMask = 2147483647;
			files = (
			);
			runOnlyForDeploymentPostprocessing = 0;
		};
/* End PBXResourcesBuildPhase section */

/* Begin PBXShellScriptBuildPhase section */
		DE3B37D33D11C1968D62DBBA /* [CP] Check Pods Manifest.lock */ = {
			isa = PBXShellScriptBuildPhase;
			buildActionMask = 2147483647;
			files = (
			);
			inputFileListPaths = (
			);
			inputPaths = (
				"${PODS_PODFILE_DIR_PATH}/Podfile.lock",
				"${PODS_ROOT}/Manifest.lock",
			);
			name = "[CP] Check Pods Manifest.lock";
			outputFileListPaths = (
			);
			outputPaths = (
				"$(DERIVED_FILE_DIR)/Pods-KaMPKitiOS-checkManifestLockResult.txt",
			);
			runOnlyForDeploymentPostprocessing = 0;
			shellPath = /bin/sh;
			shellScript = "diff \"${PODS_PODFILE_DIR_PATH}/Podfile.lock\" \"${PODS_ROOT}/Manifest.lock\" > /dev/null\nif [ $? != 0 ] ; then\n    # print error to STDERR\n    echo \"error: The sandbox is not in sync with the Podfile.lock. Run 'pod install' or update your CocoaPods installation.\" >&2\n    exit 1\nfi\n# This output is used by Xcode 'outputs' to avoid re-running this script phase.\necho \"SUCCESS\" > \"${SCRIPT_OUTPUT_FILE_0}\"\n";
			showEnvVarsInLog = 0;
		};
/* End PBXShellScriptBuildPhase section */

/* Begin PBXSourcesBuildPhase section */
		F1465EF923AA94BF0055F7C3 /* Sources */ = {
			isa = PBXSourcesBuildPhase;
			buildActionMask = 2147483647;
			files = (
				46B5284D249C5CF400A7725D /* Koin.swift in Sources */,
				45E5A5EE249A6FFF00C3791B /* BreedCell.swift in Sources */,
				F1465F0523AA94BF0055F7C3 /* ViewController.swift in Sources */,
				F1465F0123AA94BF0055F7C3 /* AppDelegate.swift in Sources */,
			);
			runOnlyForDeploymentPostprocessing = 0;
		};
		F1465F0F23AA94C00055F7C3 /* Sources */ = {
			isa = PBXSourcesBuildPhase;
			buildActionMask = 2147483647;
			files = (
				F1465F1823AA94C00055F7C3 /* KaMPKitiOSTests.swift in Sources */,
			);
			runOnlyForDeploymentPostprocessing = 0;
		};
		F1465F1A23AA94C00055F7C3 /* Sources */ = {
			isa = PBXSourcesBuildPhase;
			buildActionMask = 2147483647;
			files = (
				F1465F2323AA94C00055F7C3 /* KaMPKitiOSUITests.swift in Sources */,
			);
			runOnlyForDeploymentPostprocessing = 0;
		};
/* End PBXSourcesBuildPhase section */

/* Begin PBXTargetDependency section */
		F1465F1523AA94C00055F7C3 /* PBXTargetDependency */ = {
			isa = PBXTargetDependency;
			target = F1465EFC23AA94BF0055F7C3 /* KaMPKitiOS */;
			targetProxy = F1465F1423AA94C00055F7C3 /* PBXContainerItemProxy */;
		};
		F1465F2023AA94C00055F7C3 /* PBXTargetDependency */ = {
			isa = PBXTargetDependency;
			target = F1465EFC23AA94BF0055F7C3 /* KaMPKitiOS */;
			targetProxy = F1465F1F23AA94C00055F7C3 /* PBXContainerItemProxy */;
		};
/* End PBXTargetDependency section */

/* Begin PBXVariantGroup section */
		F1465F0623AA94BF0055F7C3 /* Main.storyboard */ = {
			isa = PBXVariantGroup;
			children = (
				F1465F0723AA94BF0055F7C3 /* Base */,
			);
			name = Main.storyboard;
			sourceTree = "<group>";
		};
		F1465F0B23AA94BF0055F7C3 /* LaunchScreen.storyboard */ = {
			isa = PBXVariantGroup;
			children = (
				F1465F0C23AA94BF0055F7C3 /* Base */,
			);
			name = LaunchScreen.storyboard;
			sourceTree = "<group>";
		};
/* End PBXVariantGroup section */

/* Begin XCBuildConfiguration section */
		F1465F2523AA94C00055F7C3 /* Debug */ = {
			isa = XCBuildConfiguration;
			buildSettings = {
				ALWAYS_SEARCH_USER_PATHS = NO;
				CLANG_ANALYZER_NONNULL = YES;
				CLANG_ANALYZER_NUMBER_OBJECT_CONVERSION = YES_AGGRESSIVE;
				CLANG_CXX_LANGUAGE_STANDARD = "gnu++14";
				CLANG_CXX_LIBRARY = "libc++";
				CLANG_ENABLE_MODULES = YES;
				CLANG_ENABLE_OBJC_ARC = YES;
				CLANG_ENABLE_OBJC_WEAK = YES;
				CLANG_WARN_BLOCK_CAPTURE_AUTORELEASING = YES;
				CLANG_WARN_BOOL_CONVERSION = YES;
				CLANG_WARN_COMMA = YES;
				CLANG_WARN_CONSTANT_CONVERSION = YES;
				CLANG_WARN_DEPRECATED_OBJC_IMPLEMENTATIONS = YES;
				CLANG_WARN_DIRECT_OBJC_ISA_USAGE = YES_ERROR;
				CLANG_WARN_DOCUMENTATION_COMMENTS = YES;
				CLANG_WARN_EMPTY_BODY = YES;
				CLANG_WARN_ENUM_CONVERSION = YES;
				CLANG_WARN_INFINITE_RECURSION = YES;
				CLANG_WARN_INT_CONVERSION = YES;
				CLANG_WARN_NON_LITERAL_NULL_CONVERSION = YES;
				CLANG_WARN_OBJC_IMPLICIT_RETAIN_SELF = YES;
				CLANG_WARN_OBJC_LITERAL_CONVERSION = YES;
				CLANG_WARN_OBJC_ROOT_CLASS = YES_ERROR;
				CLANG_WARN_QUOTED_INCLUDE_IN_FRAMEWORK_HEADER = YES;
				CLANG_WARN_RANGE_LOOP_ANALYSIS = YES;
				CLANG_WARN_STRICT_PROTOTYPES = YES;
				CLANG_WARN_SUSPICIOUS_MOVE = YES;
				CLANG_WARN_UNGUARDED_AVAILABILITY = YES_AGGRESSIVE;
				CLANG_WARN_UNREACHABLE_CODE = YES;
				CLANG_WARN__DUPLICATE_METHOD_MATCH = YES;
				CODE_SIGN_IDENTITY = "Apple Development: brady.aiello@gmail.com (94U525PPDD)";
				COPY_PHASE_STRIP = NO;
				DEBUG_INFORMATION_FORMAT = dwarf;
				DEVELOPMENT_TEAM = 6A5MWU525T;
				ENABLE_STRICT_OBJC_MSGSEND = YES;
				ENABLE_TESTABILITY = YES;
				GCC_C_LANGUAGE_STANDARD = gnu11;
				GCC_DYNAMIC_NO_PIC = NO;
				GCC_NO_COMMON_BLOCKS = YES;
				GCC_OPTIMIZATION_LEVEL = 0;
				GCC_PREPROCESSOR_DEFINITIONS = (
					"DEBUG=1",
					"$(inherited)",
				);
				GCC_WARN_64_TO_32_BIT_CONVERSION = YES;
				GCC_WARN_ABOUT_RETURN_TYPE = YES_ERROR;
				GCC_WARN_UNDECLARED_SELECTOR = YES;
				GCC_WARN_UNINITIALIZED_AUTOS = YES_AGGRESSIVE;
				GCC_WARN_UNUSED_FUNCTION = YES;
				GCC_WARN_UNUSED_VARIABLE = YES;
				IPHONEOS_DEPLOYMENT_TARGET = 13.2;
				MTL_ENABLE_DEBUG_INFO = INCLUDE_SOURCE;
				MTL_FAST_MATH = YES;
				ONLY_ACTIVE_ARCH = YES;
				SDKROOT = iphoneos;
				SWIFT_ACTIVE_COMPILATION_CONDITIONS = DEBUG;
				SWIFT_OPTIMIZATION_LEVEL = "-Onone";
			};
			name = Debug;
		};
		F1465F2623AA94C00055F7C3 /* Release */ = {
			isa = XCBuildConfiguration;
			buildSettings = {
				ALWAYS_SEARCH_USER_PATHS = NO;
				CLANG_ANALYZER_NONNULL = YES;
				CLANG_ANALYZER_NUMBER_OBJECT_CONVERSION = YES_AGGRESSIVE;
				CLANG_CXX_LANGUAGE_STANDARD = "gnu++14";
				CLANG_CXX_LIBRARY = "libc++";
				CLANG_ENABLE_MODULES = YES;
				CLANG_ENABLE_OBJC_ARC = YES;
				CLANG_ENABLE_OBJC_WEAK = YES;
				CLANG_WARN_BLOCK_CAPTURE_AUTORELEASING = YES;
				CLANG_WARN_BOOL_CONVERSION = YES;
				CLANG_WARN_COMMA = YES;
				CLANG_WARN_CONSTANT_CONVERSION = YES;
				CLANG_WARN_DEPRECATED_OBJC_IMPLEMENTATIONS = YES;
				CLANG_WARN_DIRECT_OBJC_ISA_USAGE = YES_ERROR;
				CLANG_WARN_DOCUMENTATION_COMMENTS = YES;
				CLANG_WARN_EMPTY_BODY = YES;
				CLANG_WARN_ENUM_CONVERSION = YES;
				CLANG_WARN_INFINITE_RECURSION = YES;
				CLANG_WARN_INT_CONVERSION = YES;
				CLANG_WARN_NON_LITERAL_NULL_CONVERSION = YES;
				CLANG_WARN_OBJC_IMPLICIT_RETAIN_SELF = YES;
				CLANG_WARN_OBJC_LITERAL_CONVERSION = YES;
				CLANG_WARN_OBJC_ROOT_CLASS = YES_ERROR;
				CLANG_WARN_QUOTED_INCLUDE_IN_FRAMEWORK_HEADER = YES;
				CLANG_WARN_RANGE_LOOP_ANALYSIS = YES;
				CLANG_WARN_STRICT_PROTOTYPES = YES;
				CLANG_WARN_SUSPICIOUS_MOVE = YES;
				CLANG_WARN_UNGUARDED_AVAILABILITY = YES_AGGRESSIVE;
				CLANG_WARN_UNREACHABLE_CODE = YES;
				CLANG_WARN__DUPLICATE_METHOD_MATCH = YES;
				CODE_SIGN_IDENTITY = "Apple Development: brady.aiello@gmail.com (94U525PPDD)";
				COPY_PHASE_STRIP = NO;
				DEBUG_INFORMATION_FORMAT = "dwarf-with-dsym";
				DEVELOPMENT_TEAM = 6A5MWU525T;
				ENABLE_NS_ASSERTIONS = NO;
				ENABLE_STRICT_OBJC_MSGSEND = YES;
				ENABLE_TESTABILITY = YES;
				GCC_C_LANGUAGE_STANDARD = gnu11;
				GCC_NO_COMMON_BLOCKS = YES;
				GCC_WARN_64_TO_32_BIT_CONVERSION = YES;
				GCC_WARN_ABOUT_RETURN_TYPE = YES_ERROR;
				GCC_WARN_UNDECLARED_SELECTOR = YES;
				GCC_WARN_UNINITIALIZED_AUTOS = YES_AGGRESSIVE;
				GCC_WARN_UNUSED_FUNCTION = YES;
				GCC_WARN_UNUSED_VARIABLE = YES;
				IPHONEOS_DEPLOYMENT_TARGET = 13.2;
				MTL_ENABLE_DEBUG_INFO = NO;
				MTL_FAST_MATH = YES;
				ONLY_ACTIVE_ARCH = YES;
				SDKROOT = iphoneos;
				SWIFT_COMPILATION_MODE = wholemodule;
				SWIFT_OPTIMIZATION_LEVEL = "-O";
				VALIDATE_PRODUCT = YES;
			};
			name = Release;
		};
		F1465F2823AA94C00055F7C3 /* Debug */ = {
			isa = XCBuildConfiguration;
			baseConfigurationReference = ED1F782AF3705197012D0C33 /* Pods-KaMPKitiOS.debug.xcconfig */;
			buildSettings = {
				ASSETCATALOG_COMPILER_APPICON_NAME = AppIcon;
				CODE_SIGN_STYLE = Automatic;
				DEVELOPMENT_TEAM = "";
				INFOPLIST_FILE = KaMPKitiOS/Info.plist;
				LD_RUNPATH_SEARCH_PATHS = (
					"$(inherited)",
					"@executable_path/Frameworks",
				);
				OTHER_LDFLAGS = (
					"$(inherited)",
					"-ObjC",
					"-l\"c++\"",
					"-framework",
					"\"shared\"",
					"-lsqlite3",
				);
				PRODUCT_BUNDLE_IDENTIFIER = co.touchlab.kampkit.ios;
				PRODUCT_NAME = "$(TARGET_NAME)";
				SWIFT_VERSION = 5.0;
				TARGETED_DEVICE_FAMILY = "1,2";
			};
			name = Debug;
		};
		F1465F2923AA94C00055F7C3 /* Release */ = {
			isa = XCBuildConfiguration;
			baseConfigurationReference = 2A1ED6A4A2A53F5F75C58E5F /* Pods-KaMPKitiOS.release.xcconfig */;
			buildSettings = {
				ASSETCATALOG_COMPILER_APPICON_NAME = AppIcon;
				CODE_SIGN_STYLE = Automatic;
				DEVELOPMENT_TEAM = "";
				INFOPLIST_FILE = KaMPKitiOS/Info.plist;
				LD_RUNPATH_SEARCH_PATHS = (
					"$(inherited)",
					"@executable_path/Frameworks",
				);
				OTHER_LDFLAGS = (
					"$(inherited)",
					"-ObjC",
					"-l\"c++\"",
					"-framework",
					"\"shared\"",
					"-lsqlite3",
				);
				PRODUCT_BUNDLE_IDENTIFIER = co.touchlab.kampkit.ios;
				PRODUCT_NAME = "$(TARGET_NAME)";
				SWIFT_VERSION = 5.0;
				TARGETED_DEVICE_FAMILY = "1,2";
			};
			name = Release;
		};
		F1465F2B23AA94C00055F7C3 /* Debug */ = {
			isa = XCBuildConfiguration;
			buildSettings = {
				ALWAYS_EMBED_SWIFT_STANDARD_LIBRARIES = YES;
				BUNDLE_LOADER = "$(TEST_HOST)";
				CODE_SIGN_STYLE = Automatic;
				INFOPLIST_FILE = KaMPKitiOSTests/Info.plist;
				IPHONEOS_DEPLOYMENT_TARGET = 13.2;
				LD_RUNPATH_SEARCH_PATHS = (
					"$(inherited)",
					"@executable_path/Frameworks",
					"@loader_path/Frameworks",
				);
				PRODUCT_BUNDLE_IDENTIFIER = touchlab.KaMPKitiOSTests;
				PRODUCT_NAME = "$(TARGET_NAME)";
				SWIFT_VERSION = 5.0;
				TARGETED_DEVICE_FAMILY = "1,2";
				TEST_HOST = "$(BUILT_PRODUCTS_DIR)/KaMPKitiOS.app/KaMPKitiOS";
			};
			name = Debug;
		};
		F1465F2C23AA94C00055F7C3 /* Release */ = {
			isa = XCBuildConfiguration;
			buildSettings = {
				ALWAYS_EMBED_SWIFT_STANDARD_LIBRARIES = YES;
				BUNDLE_LOADER = "$(TEST_HOST)";
				CODE_SIGN_STYLE = Automatic;
				INFOPLIST_FILE = KaMPKitiOSTests/Info.plist;
				IPHONEOS_DEPLOYMENT_TARGET = 13.2;
				LD_RUNPATH_SEARCH_PATHS = (
					"$(inherited)",
					"@executable_path/Frameworks",
					"@loader_path/Frameworks",
				);
				PRODUCT_BUNDLE_IDENTIFIER = touchlab.KaMPKitiOSTests;
				PRODUCT_NAME = "$(TARGET_NAME)";
				SWIFT_VERSION = 5.0;
				TARGETED_DEVICE_FAMILY = "1,2";
				TEST_HOST = "$(BUILT_PRODUCTS_DIR)/KaMPKitiOS.app/KaMPKitiOS";
			};
			name = Release;
		};
		F1465F2E23AA94C00055F7C3 /* Debug */ = {
			isa = XCBuildConfiguration;
			buildSettings = {
				ALWAYS_EMBED_SWIFT_STANDARD_LIBRARIES = YES;
				CODE_SIGN_STYLE = Automatic;
				INFOPLIST_FILE = KaMPKitiOSUITests/Info.plist;
				LD_RUNPATH_SEARCH_PATHS = (
					"$(inherited)",
					"@executable_path/Frameworks",
					"@loader_path/Frameworks",
				);
				PRODUCT_BUNDLE_IDENTIFIER = touchlab.KaMPKitiOSUITests;
				PRODUCT_NAME = "$(TARGET_NAME)";
				SWIFT_VERSION = 5.0;
				TARGETED_DEVICE_FAMILY = "1,2";
				TEST_TARGET_NAME = KaMPKitiOS;
			};
			name = Debug;
		};
		F1465F2F23AA94C00055F7C3 /* Release */ = {
			isa = XCBuildConfiguration;
			buildSettings = {
				ALWAYS_EMBED_SWIFT_STANDARD_LIBRARIES = YES;
				CODE_SIGN_STYLE = Automatic;
				INFOPLIST_FILE = KaMPKitiOSUITests/Info.plist;
				LD_RUNPATH_SEARCH_PATHS = (
					"$(inherited)",
					"@executable_path/Frameworks",
					"@loader_path/Frameworks",
				);
				PRODUCT_BUNDLE_IDENTIFIER = touchlab.KaMPKitiOSUITests;
				PRODUCT_NAME = "$(TARGET_NAME)";
				SWIFT_VERSION = 5.0;
				TARGETED_DEVICE_FAMILY = "1,2";
				TEST_TARGET_NAME = KaMPKitiOS;
			};
			name = Release;
		};
/* End XCBuildConfiguration section */

/* Begin XCConfigurationList section */
		F1465EF823AA94BF0055F7C3 /* Build configuration list for PBXProject "KaMPKitiOS" */ = {
			isa = XCConfigurationList;
			buildConfigurations = (
				F1465F2523AA94C00055F7C3 /* Debug */,
				F1465F2623AA94C00055F7C3 /* Release */,
			);
			defaultConfigurationIsVisible = 0;
			defaultConfigurationName = Release;
		};
		F1465F2723AA94C00055F7C3 /* Build configuration list for PBXNativeTarget "KaMPKitiOS" */ = {
			isa = XCConfigurationList;
			buildConfigurations = (
				F1465F2823AA94C00055F7C3 /* Debug */,
				F1465F2923AA94C00055F7C3 /* Release */,
			);
			defaultConfigurationIsVisible = 0;
			defaultConfigurationName = Release;
		};
		F1465F2A23AA94C00055F7C3 /* Build configuration list for PBXNativeTarget "KaMPKitiOSTests" */ = {
			isa = XCConfigurationList;
			buildConfigurations = (
				F1465F2B23AA94C00055F7C3 /* Debug */,
				F1465F2C23AA94C00055F7C3 /* Release */,
			);
			defaultConfigurationIsVisible = 0;
			defaultConfigurationName = Release;
		};
		F1465F2D23AA94C00055F7C3 /* Build configuration list for PBXNativeTarget "KaMPKitiOSUITests" */ = {
			isa = XCConfigurationList;
			buildConfigurations = (
				F1465F2E23AA94C00055F7C3 /* Debug */,
				F1465F2F23AA94C00055F7C3 /* Release */,
			);
			defaultConfigurationIsVisible = 0;
			defaultConfigurationName = Release;
		};
/* End XCConfigurationList section */
	};
	rootObject = F1465EF523AA94BF0055F7C3 /* Project object */;
}
