PODS:
  - shared (1.1)
  - SwiftLint (0.41.0)

DEPENDENCIES:
  - shared (from `../shared/`)
  - SwiftLint

SPEC REPOS:
  trunk:
    - SwiftLint

EXTERNAL SOURCES:
  shared:
    :path: "../shared/"

SPEC CHECKSUMS:
  shared: 865922be189af2b6a6fd0ee242013fa36a4ae932
  SwiftLint: c585ebd615d9520d7fbdbe151f527977b0534f1e

PODFILE CHECKSUM: 56394cf64b095f6ea0aea78daa1fd5252de39c68

COCOAPODS: 1.11.2
