PODS:
  - shared (1.2)
  - SwiftLint (0.41.0)

DEPENDENCIES:
  - shared (from `../shared/`)
  - SwiftLint

SPEC REPOS:
  trunk:
    - SwiftLint

EXTERNAL SOURCES:
  shared:
    :path: "../shared/"

SPEC CHECKSUMS:
  shared: 81394056467cc83be297c4a24cbe685ad921e677
  SwiftLint: c585ebd615d9520d7fbdbe151f527977b0534f1e

PODFILE CHECKSUM: 3130ca9ec3cd58f2c60cfe8a432d7d96d89938bf

COCOAPODS: 1.14.3
