// !$*UTF8*$!
{
	archiveVersion = 1;
	classes = {
	};
	objectVersion = 50;
	objects = {

/* Begin PBXBuildFile section */
		02DADDE22D3E22346969F0D2 /* Pods_KaMPStarteriOS.framework in Frameworks */ = {isa = PBXBuildFile; fileRef = 1C53F211127B87EFD39C9D65 /* Pods_KaMPStarteriOS.framework */; };
		F1465F0123AA94BF0055F7C3 /* AppDelegate.swift in Sources */ = {isa = PBXBuildFile; fileRef = F1465F0023AA94BF0055F7C3 /* AppDelegate.swift */; };
		F1465F0523AA94BF0055F7C3 /* ViewController.swift in Sources */ = {isa = PBXBuildFile; fileRef = F1465F0423AA94BF0055F7C3 /* ViewController.swift */; };
		F1465F0823AA94BF0055F7C3 /* Main.storyboard in Resources */ = {isa = PBXBuildFile; fileRef = F1465F0623AA94BF0055F7C3 /* Main.storyboard */; };
		F1465F0A23AA94BF0055F7C3 /* Assets.xcassets in Resources */ = {isa = PBXBuildFile; fileRef = F1465F0923AA94BF0055F7C3 /* Assets.xcassets */; };
		F1465F0D23AA94BF0055F7C3 /* LaunchScreen.storyboard in Resources */ = {isa = PBXBuildFile; fileRef = F1465F0B23AA94BF0055F7C3 /* LaunchScreen.storyboard */; };
		F1465F1823AA94C00055F7C3 /* KaMPStarteriOSTests.swift in Sources */ = {isa = PBXBuildFile; fileRef = F1465F1723AA94C00055F7C3 /* KaMPStarteriOSTests.swift */; };
		F1465F2323AA94C00055F7C3 /* KaMPStarteriOSUITests.swift in Sources */ = {isa = PBXBuildFile; fileRef = F1465F2223AA94C00055F7C3 /* KaMPStarteriOSUITests.swift */; };
/* End PBXBuildFile section */

/* Begin PBXContainerItemProxy section */
		F1465F1423AA94C00055F7C3 /* PBXContainerItemProxy */ = {
			isa = PBXContainerItemProxy;
			containerPortal = F1465EF523AA94BF0055F7C3 /* Project object */;
			proxyType = 1;
			remoteGlobalIDString = F1465EFC23AA94BF0055F7C3;
			remoteInfo = KaMPStarteriOS;
		};
		F1465F1F23AA94C00055F7C3 /* PBXContainerItemProxy */ = {
			isa = PBXContainerItemProxy;
			containerPortal = F1465EF523AA94BF0055F7C3 /* Project object */;
			proxyType = 1;
			remoteGlobalIDString = F1465EFC23AA94BF0055F7C3;
			remoteInfo = KaMPStarteriOS;
		};
/* End PBXContainerItemProxy section */

/* Begin PBXFileReference section */
		093A2237AC6CBF45A1D16BEE /* ExampleUnitTest.kt */ = {isa = PBXFileReference; includeInIndex = 1; lastKnownFileType = text; name = ExampleUnitTest.kt; path = ../shared/src/androidTest/java/co/touchlab/kampstarter/ExampleUnitTest.kt; sourceTree = "<group>"; };
		1C53F211127B87EFD39C9D65 /* Pods_KaMPStarteriOS.framework */ = {isa = PBXFileReference; explicitFileType = wrapper.framework; includeInIndex = 0; path = Pods_KaMPStarteriOS.framework; sourceTree = BUILT_PRODUCTS_DIR; };
		1D8B833EBF721694C8D055A0 /* ServiceRegistry.kt */ = {isa = PBXFileReference; includeInIndex = 1; lastKnownFileType = file; name = ServiceRegistry.kt; path = ../shared/src/commonMain/kotlin/co/touchlab/kampstarter/ServiceRegistry.kt; sourceTree = "<group>"; };
		1DFCC00C8DAA719770A18D1A /* Pods-KaMPStarteriOS.release.xcconfig */ = {isa = PBXFileReference; includeInIndex = 1; lastKnownFileType = text.xcconfig; name = "Pods-KaMPStarteriOS.release.xcconfig"; path = "Pods/Target Support Files/Pods-KaMPStarteriOS/Pods-KaMPStarteriOS.release.xcconfig"; sourceTree = "<group>"; };
		3FDE597836BBF5D75310C250 /* DatabaseHelper.kt */ = {isa = PBXFileReference; includeInIndex = 1; lastKnownFileType = text; name = DatabaseHelper.kt; path = ../shared/src/commonMain/kotlin/co/touchlab/kampstarter/DatabaseHelper.kt; sourceTree = "<group>"; };
		568BD68B9CE4333E971CC240 /* PlatformAndroid.kt */ = {isa = PBXFileReference; includeInIndex = 1; lastKnownFileType = text; name = PlatformAndroid.kt; path = ../shared/src/androidMain/kotlin/co/touchlab/kampstarter/PlatformAndroid.kt; sourceTree = "<group>"; };
		607A72A70F34B88818A0B62D /* PlatformiOS.kt */ = {isa = PBXFileReference; includeInIndex = 1; lastKnownFileType = text; name = PlatformiOS.kt; path = ../shared/src/iosMain/kotlin/co/touchlab/kampstarter/PlatformiOS.kt; sourceTree = "<group>"; };
		89FA98AD31B7AA33C88550E3 /* Breed.kt */ = {isa = PBXFileReference; includeInIndex = 1; lastKnownFileType = file; name = Breed.kt; path = ../shared/src/commonMain/kotlin/co/touchlab/kampstarter/jsondata/Breed.kt; sourceTree = "<group>"; };
		99BF5A54AE1C1458F919DF18 /* KtorDogApiImpl.kt */ = {isa = PBXFileReference; includeInIndex = 1; lastKnownFileType = file; name = KtorDogApiImpl.kt; path = ../shared/src/commonMain/kotlin/co/touchlab/kampstarter/ktor/KtorDogApiImpl.kt; sourceTree = "<group>"; };
		9E4B5A064DC30D7639C44AEC /* SampleModel.kt */ = {isa = PBXFileReference; includeInIndex = 1; lastKnownFileType = file; name = SampleModel.kt; path = ../shared/src/commonMain/kotlin/co/touchlab/kampstarter/models/SampleModel.kt; sourceTree = "<group>"; };
		A36EB1CAAB8ECE66A86EEB3F /* BreedModel.kt */ = {isa = PBXFileReference; includeInIndex = 1; lastKnownFileType = text; name = BreedModel.kt; path = ../shared/src/commonMain/kotlin/co/touchlab/kampstarter/models/BreedModel.kt; sourceTree = "<group>"; };
		C4BAA0CCB0363B847EFB4458 /* KtorApi.kt */ = {isa = PBXFileReference; includeInIndex = 1; lastKnownFileType = text; name = KtorApi.kt; path = ../shared/src/commonMain/kotlin/co/touchlab/kampstarter/ktor/KtorApi.kt; sourceTree = "<group>"; };
		CC9CEBFA7A1AEC2B4358EF80 /* Platform.kt */ = {isa = PBXFileReference; includeInIndex = 1; lastKnownFileType = text; name = Platform.kt; path = ../shared/src/commonMain/kotlin/co/touchlab/kampstarter/Platform.kt; sourceTree = "<group>"; };
		D52432F6ECA5F2D60BC5FEDB /* BaseModel.kt */ = {isa = PBXFileReference; includeInIndex = 1; lastKnownFileType = text; name = BaseModel.kt; path = ../shared/src/commonMain/kotlin/co/touchlab/kampstarter/models/BaseModel.kt; sourceTree = "<group>"; };
		F1465EFD23AA94BF0055F7C3 /* KaMPStarteriOS.app */ = {isa = PBXFileReference; explicitFileType = wrapper.application; includeInIndex = 0; path = KaMPStarteriOS.app; sourceTree = BUILT_PRODUCTS_DIR; };
		F1465F0023AA94BF0055F7C3 /* AppDelegate.swift */ = {isa = PBXFileReference; lastKnownFileType = sourcecode.swift; path = AppDelegate.swift; sourceTree = "<group>"; };
		F1465F0423AA94BF0055F7C3 /* ViewController.swift */ = {isa = PBXFileReference; lastKnownFileType = sourcecode.swift; path = ViewController.swift; sourceTree = "<group>"; };
		F1465F0723AA94BF0055F7C3 /* Base */ = {isa = PBXFileReference; lastKnownFileType = file.storyboard; name = Base; path = Base.lproj/Main.storyboard; sourceTree = "<group>"; };
		F1465F0923AA94BF0055F7C3 /* Assets.xcassets */ = {isa = PBXFileReference; lastKnownFileType = folder.assetcatalog; path = Assets.xcassets; sourceTree = "<group>"; };
		F1465F0C23AA94BF0055F7C3 /* Base */ = {isa = PBXFileReference; lastKnownFileType = file.storyboard; name = Base; path = Base.lproj/LaunchScreen.storyboard; sourceTree = "<group>"; };
		F1465F0E23AA94BF0055F7C3 /* Info.plist */ = {isa = PBXFileReference; lastKnownFileType = text.plist.xml; path = Info.plist; sourceTree = "<group>"; };
		F1465F1323AA94C00055F7C3 /* KaMPStarteriOSTests.xctest */ = {isa = PBXFileReference; explicitFileType = wrapper.cfbundle; includeInIndex = 0; path = KaMPStarteriOSTests.xctest; sourceTree = BUILT_PRODUCTS_DIR; };
		F1465F1723AA94C00055F7C3 /* KaMPStarteriOSTests.swift */ = {isa = PBXFileReference; lastKnownFileType = sourcecode.swift; path = KaMPStarteriOSTests.swift; sourceTree = "<group>"; };
		F1465F1923AA94C00055F7C3 /* Info.plist */ = {isa = PBXFileReference; lastKnownFileType = text.plist.xml; path = Info.plist; sourceTree = "<group>"; };
		F1465F1E23AA94C00055F7C3 /* KaMPStarteriOSUITests.xctest */ = {isa = PBXFileReference; explicitFileType = wrapper.cfbundle; includeInIndex = 0; path = KaMPStarteriOSUITests.xctest; sourceTree = BUILT_PRODUCTS_DIR; };
		F1465F2223AA94C00055F7C3 /* KaMPStarteriOSUITests.swift */ = {isa = PBXFileReference; lastKnownFileType = sourcecode.swift; path = KaMPStarteriOSUITests.swift; sourceTree = "<group>"; };
		F1465F2423AA94C00055F7C3 /* Info.plist */ = {isa = PBXFileReference; lastKnownFileType = text.plist.xml; path = Info.plist; sourceTree = "<group>"; };
		F8BFA3B3C4E68F2F696B04FD /* CoroutinesExtensions.kt */ = {isa = PBXFileReference; includeInIndex = 1; lastKnownFileType = text; name = CoroutinesExtensions.kt; path = ../shared/src/commonMain/kotlin/co/touchlab/kampstarter/sqldelight/CoroutinesExtensions.kt; sourceTree = "<group>"; };
		F9C259C83C689DF8F4602F38 /* Pods-KaMPStarteriOS.debug.xcconfig */ = {isa = PBXFileReference; includeInIndex = 1; lastKnownFileType = text.xcconfig; name = "Pods-KaMPStarteriOS.debug.xcconfig"; path = "Pods/Target Support Files/Pods-KaMPStarteriOS/Pods-KaMPStarteriOS.debug.xcconfig"; sourceTree = "<group>"; };
/* End PBXFileReference section */

/* Begin PBXFrameworksBuildPhase section */
		F1465EFA23AA94BF0055F7C3 /* Frameworks */ = {
			isa = PBXFrameworksBuildPhase;
			buildActionMask = 2147483647;
			files = (
				02DADDE22D3E22346969F0D2 /* Pods_KaMPStarteriOS.framework in Frameworks */,
			);
			runOnlyForDeploymentPostprocessing = 0;
		};
		F1465F1023AA94C00055F7C3 /* Frameworks */ = {
			isa = PBXFrameworksBuildPhase;
			buildActionMask = 2147483647;
			files = (
			);
			runOnlyForDeploymentPostprocessing = 0;
		};
		F1465F1B23AA94C00055F7C3 /* Frameworks */ = {
			isa = PBXFrameworksBuildPhase;
			buildActionMask = 2147483647;
			files = (
			);
			runOnlyForDeploymentPostprocessing = 0;
		};
/* End PBXFrameworksBuildPhase section */

/* Begin PBXGroup section */
		108D8E61929368D1BC0CBFBD /* touchlab */ = {
			isa = PBXGroup;
			children = (
				758D44919228B414863B1B7C /* kampstarter */,
			);
			name = touchlab;
			sourceTree = "<group>";
		};
		2096E30982ABD71B891B2263 /* sqldelight */ = {
			isa = PBXGroup;
			children = (
				F8BFA3B3C4E68F2F696B04FD /* CoroutinesExtensions.kt */,
			);
			name = sqldelight;
			sourceTree = "<group>";
		};
		20AEDEF18E3805AF152D8640 /* kampstarter */ = {
			isa = PBXGroup;
			children = (
				093A2237AC6CBF45A1D16BEE /* ExampleUnitTest.kt */,
			);
			name = kampstarter;
			sourceTree = "<group>";
		};
		20FFF9FBAB396AAA0F9003C8 /* androidTest */ = {
			isa = PBXGroup;
			children = (
				D9120817CBEB8094C42AA4BB /* java */,
			);
			name = androidTest;
			sourceTree = "<group>";
		};
		23F30D59279D9F7B93F979F6 /* iosMain */ = {
			isa = PBXGroup;
			children = (
				96240CA0EBA41FAD0134F114 /* kotlin */,
			);
			name = iosMain;
			sourceTree = "<group>";
		};
		2BAB1677E0B1E6DA753A790F /* touchlab */ = {
			isa = PBXGroup;
			children = (
				413B447BDC42B90EEB8C6742 /* kampstarter */,
			);
			name = touchlab;
			sourceTree = "<group>";
		};
		3546F4E939E401ED7F118A50 /* co */ = {
			isa = PBXGroup;
			children = (
				D763F91A44DD7A8E72DE2A6E /* touchlab */,
			);
			name = co;
			sourceTree = "<group>";
		};
		3BAAD3372EAD1D443123C2D3 /* kotlin */ = {
			isa = PBXGroup;
			children = (
				6CF74E1A2FCFD8DF3E2DE33F /* co */,
			);
			name = kotlin;
			sourceTree = "<group>";
		};
		3D8869BDFDFC70FFCF7D3B50 /* jsondata */ = {
			isa = PBXGroup;
			children = (
				89FA98AD31B7AA33C88550E3 /* Breed.kt */,
			);
			name = jsondata;
			sourceTree = "<group>";
		};
		413B447BDC42B90EEB8C6742 /* kampstarter */ = {
			isa = PBXGroup;
			children = (
				607A72A70F34B88818A0B62D /* PlatformiOS.kt */,
			);
			name = kampstarter;
			sourceTree = "<group>";
		};
		420F193A5391ACAEB60F62E5 /* kampstarter */ = {
			isa = PBXGroup;
			children = (
				3FDE597836BBF5D75310C250 /* DatabaseHelper.kt */,
				CC9CEBFA7A1AEC2B4358EF80 /* Platform.kt */,
				1D8B833EBF721694C8D055A0 /* ServiceRegistry.kt */,
				3D8869BDFDFC70FFCF7D3B50 /* jsondata */,
				A9625A9E5FBFEE71CDADA5A0 /* ktor */,
				D27D56D8F84D612FD74C24EA /* models */,
				2096E30982ABD71B891B2263 /* sqldelight */,
			);
			name = kampstarter;
			sourceTree = "<group>";
		};
		43E422B1B85386CC04E4783B /* commonMain */ = {
			isa = PBXGroup;
			children = (
				FF73E76D844E09F1E914FB6A /* kotlin */,
				F8B62FDF6D205E2E9352024B /* sqldelight */,
			);
			name = commonMain;
			sourceTree = "<group>";
		};
		5058DFE2CD0266B349009DD1 /* Kotlin */ = {
			isa = PBXGroup;
			children = (
				CCC0FA0ED9CC5FC844680829 /* androidMain */,
				20FFF9FBAB396AAA0F9003C8 /* androidTest */,
				43E422B1B85386CC04E4783B /* commonMain */,
				23F30D59279D9F7B93F979F6 /* iosMain */,
				7FF25DC05EF3A7FFA8B6BC50 /* main */,
			);
			name = Kotlin;
			sourceTree = "<group>";
		};
		6278498AD96A4D949D39BF44 /* Frameworks */ = {
			isa = PBXGroup;
			children = (
				1C53F211127B87EFD39C9D65 /* Pods_KaMPStarteriOS.framework */,
			);
			name = Frameworks;
			sourceTree = "<group>";
		};
		6CF74E1A2FCFD8DF3E2DE33F /* co */ = {
			isa = PBXGroup;
			children = (
				108D8E61929368D1BC0CBFBD /* touchlab */,
			);
			name = co;
			sourceTree = "<group>";
		};
		758D44919228B414863B1B7C /* kampstarter */ = {
			isa = PBXGroup;
			children = (
				568BD68B9CE4333E971CC240 /* PlatformAndroid.kt */,
			);
			name = kampstarter;
			sourceTree = "<group>";
		};
		7780087464B7F19AA99D5B87 /* co */ = {
			isa = PBXGroup;
			children = (
				2BAB1677E0B1E6DA753A790F /* touchlab */,
			);
			name = co;
			sourceTree = "<group>";
		};
		7D43D9E432C23A0D4054C4AA /* touchlab */ = {
			isa = PBXGroup;
			children = (
				420F193A5391ACAEB60F62E5 /* kampstarter */,
			);
			name = touchlab;
			sourceTree = "<group>";
		};
		7FF25DC05EF3A7FFA8B6BC50 /* main */ = {
			isa = PBXGroup;
			children = (
			);
			name = main;
			sourceTree = "<group>";
		};
		96240CA0EBA41FAD0134F114 /* kotlin */ = {
			isa = PBXGroup;
			children = (
				7780087464B7F19AA99D5B87 /* co */,
			);
			name = kotlin;
			sourceTree = "<group>";
		};
		A9625A9E5FBFEE71CDADA5A0 /* ktor */ = {
			isa = PBXGroup;
			children = (
				C4BAA0CCB0363B847EFB4458 /* KtorApi.kt */,
				99BF5A54AE1C1458F919DF18 /* KtorDogApiImpl.kt */,
			);
			name = ktor;
			sourceTree = "<group>";
		};
		CCC0FA0ED9CC5FC844680829 /* androidMain */ = {
			isa = PBXGroup;
			children = (
				3BAAD3372EAD1D443123C2D3 /* kotlin */,
			);
			name = androidMain;
			sourceTree = "<group>";
		};
		D27D56D8F84D612FD74C24EA /* models */ = {
			isa = PBXGroup;
			children = (
				D52432F6ECA5F2D60BC5FEDB /* BaseModel.kt */,
				A36EB1CAAB8ECE66A86EEB3F /* BreedModel.kt */,
				9E4B5A064DC30D7639C44AEC /* SampleModel.kt */,
			);
			name = models;
			sourceTree = "<group>";
		};
		D3672975291E68B182E618DF /* kampstarter */ = {
			isa = PBXGroup;
			children = (
				E41C963FFD7E7FD7E2DFF275 /* db */,
			);
			name = kampstarter;
			sourceTree = "<group>";
		};
		D763F91A44DD7A8E72DE2A6E /* touchlab */ = {
			isa = PBXGroup;
			children = (
				20AEDEF18E3805AF152D8640 /* kampstarter */,
			);
			name = touchlab;
			sourceTree = "<group>";
		};
		D9120817CBEB8094C42AA4BB /* java */ = {
			isa = PBXGroup;
			children = (
				3546F4E939E401ED7F118A50 /* co */,
			);
			name = java;
			sourceTree = "<group>";
		};
		DF9BBECBCD175B90105DA8D9 /* Pods */ = {
			isa = PBXGroup;
			children = (
				F9C259C83C689DF8F4602F38 /* Pods-KaMPStarteriOS.debug.xcconfig */,
				1DFCC00C8DAA719770A18D1A /* Pods-KaMPStarteriOS.release.xcconfig */,
			);
			name = Pods;
			sourceTree = "<group>";
		};
		E41C963FFD7E7FD7E2DFF275 /* db */ = {
			isa = PBXGroup;
			children = (
			);
			name = db;
			sourceTree = "<group>";
		};
		F1465EF423AA94BF0055F7C3 = {
			isa = PBXGroup;
			children = (
				F1465EFF23AA94BF0055F7C3 /* KaMPStarteriOS */,
				F1465F1623AA94C00055F7C3 /* KaMPStarteriOSTests */,
				F1465F2123AA94C00055F7C3 /* KaMPStarteriOSUITests */,
				F1465EFE23AA94BF0055F7C3 /* Products */,
				DF9BBECBCD175B90105DA8D9 /* Pods */,
				6278498AD96A4D949D39BF44 /* Frameworks */,
				5058DFE2CD0266B349009DD1 /* Kotlin */,
			);
			sourceTree = "<group>";
		};
		F1465EFE23AA94BF0055F7C3 /* Products */ = {
			isa = PBXGroup;
			children = (
				F1465EFD23AA94BF0055F7C3 /* KaMPStarteriOS.app */,
				F1465F1323AA94C00055F7C3 /* KaMPStarteriOSTests.xctest */,
				F1465F1E23AA94C00055F7C3 /* KaMPStarteriOSUITests.xctest */,
			);
			name = Products;
			sourceTree = "<group>";
		};
		F1465EFF23AA94BF0055F7C3 /* KaMPStarteriOS */ = {
			isa = PBXGroup;
			children = (
				F1465F0023AA94BF0055F7C3 /* AppDelegate.swift */,
				F1465F0423AA94BF0055F7C3 /* ViewController.swift */,
				F1465F0623AA94BF0055F7C3 /* Main.storyboard */,
				F1465F0923AA94BF0055F7C3 /* Assets.xcassets */,
				F1465F0B23AA94BF0055F7C3 /* LaunchScreen.storyboard */,
				F1465F0E23AA94BF0055F7C3 /* Info.plist */,
			);
			path = KaMPStarteriOS;
			sourceTree = "<group>";
		};
		F1465F1623AA94C00055F7C3 /* KaMPStarteriOSTests */ = {
			isa = PBXGroup;
			children = (
				F1465F1723AA94C00055F7C3 /* KaMPStarteriOSTests.swift */,
				F1465F1923AA94C00055F7C3 /* Info.plist */,
			);
			path = KaMPStarteriOSTests;
			sourceTree = "<group>";
		};
		F1465F2123AA94C00055F7C3 /* KaMPStarteriOSUITests */ = {
			isa = PBXGroup;
			children = (
				F1465F2223AA94C00055F7C3 /* KaMPStarteriOSUITests.swift */,
				F1465F2423AA94C00055F7C3 /* Info.plist */,
			);
			path = KaMPStarteriOSUITests;
			sourceTree = "<group>";
		};
		F481F18CCE4C3B2457296D5B /* touchlab */ = {
			isa = PBXGroup;
			children = (
				D3672975291E68B182E618DF /* kampstarter */,
			);
			name = touchlab;
			sourceTree = "<group>";
		};
		F5E5EC2A18114779262C4D4A /* co */ = {
			isa = PBXGroup;
			children = (
				F481F18CCE4C3B2457296D5B /* touchlab */,
			);
			name = co;
			sourceTree = "<group>";
		};
		F8B62FDF6D205E2E9352024B /* sqldelight */ = {
			isa = PBXGroup;
			children = (
				F5E5EC2A18114779262C4D4A /* co */,
			);
			name = sqldelight;
			sourceTree = "<group>";
		};
		FD5303CA2E0B965DC7508B5E /* co */ = {
			isa = PBXGroup;
			children = (
				7D43D9E432C23A0D4054C4AA /* touchlab */,
			);
			name = co;
			sourceTree = "<group>";
		};
		FF73E76D844E09F1E914FB6A /* kotlin */ = {
			isa = PBXGroup;
			children = (
				FD5303CA2E0B965DC7508B5E /* co */,
			);
			name = kotlin;
			sourceTree = "<group>";
		};
/* End PBXGroup section */

/* Begin PBXNativeTarget section */
		F1465EFC23AA94BF0055F7C3 /* KaMPStarteriOS */ = {
			isa = PBXNativeTarget;
			buildConfigurationList = F1465F2723AA94C00055F7C3 /* Build configuration list for PBXNativeTarget "KaMPStarteriOS" */;
			buildPhases = (
				DE3B37D33D11C1968D62DBBA /* [CP] Check Pods Manifest.lock */,
				F1465EF923AA94BF0055F7C3 /* Sources */,
				F1465EFA23AA94BF0055F7C3 /* Frameworks */,
				F1465EFB23AA94BF0055F7C3 /* Resources */,
			);
			buildRules = (
			);
			dependencies = (
			);
			name = KaMPStarteriOS;
			productName = KaMPStarteriOS;
			productReference = F1465EFD23AA94BF0055F7C3 /* KaMPStarteriOS.app */;
			productType = "com.apple.product-type.application";
		};
		F1465F1223AA94C00055F7C3 /* KaMPStarteriOSTests */ = {
			isa = PBXNativeTarget;
			buildConfigurationList = F1465F2A23AA94C00055F7C3 /* Build configuration list for PBXNativeTarget "KaMPStarteriOSTests" */;
			buildPhases = (
				F1465F0F23AA94C00055F7C3 /* Sources */,
				F1465F1023AA94C00055F7C3 /* Frameworks */,
				F1465F1123AA94C00055F7C3 /* Resources */,
			);
			buildRules = (
			);
			dependencies = (
				F1465F1523AA94C00055F7C3 /* PBXTargetDependency */,
			);
			name = KaMPStarteriOSTests;
			productName = KaMPStarteriOSTests;
			productReference = F1465F1323AA94C00055F7C3 /* KaMPStarteriOSTests.xctest */;
			productType = "com.apple.product-type.bundle.unit-test";
		};
		F1465F1D23AA94C00055F7C3 /* KaMPStarteriOSUITests */ = {
			isa = PBXNativeTarget;
			buildConfigurationList = F1465F2D23AA94C00055F7C3 /* Build configuration list for PBXNativeTarget "KaMPStarteriOSUITests" */;
			buildPhases = (
				F1465F1A23AA94C00055F7C3 /* Sources */,
				F1465F1B23AA94C00055F7C3 /* Frameworks */,
				F1465F1C23AA94C00055F7C3 /* Resources */,
			);
			buildRules = (
			);
			dependencies = (
				F1465F2023AA94C00055F7C3 /* PBXTargetDependency */,
			);
			name = KaMPStarteriOSUITests;
			productName = KaMPStarteriOSUITests;
			productReference = F1465F1E23AA94C00055F7C3 /* KaMPStarteriOSUITests.xctest */;
			productType = "com.apple.product-type.bundle.ui-testing";
		};
/* End PBXNativeTarget section */

/* Begin PBXProject section */
		F1465EF523AA94BF0055F7C3 /* Project object */ = {
			isa = PBXProject;
			attributes = {
				LastSwiftUpdateCheck = 1120;
				LastUpgradeCheck = 1120;
				ORGANIZATIONNAME = Touchlab;
				TargetAttributes = {
					F1465EFC23AA94BF0055F7C3 = {
						CreatedOnToolsVersion = 11.2.1;
					};
					F1465F1223AA94C00055F7C3 = {
						CreatedOnToolsVersion = 11.2.1;
						TestTargetID = F1465EFC23AA94BF0055F7C3;
					};
					F1465F1D23AA94C00055F7C3 = {
						CreatedOnToolsVersion = 11.2.1;
						TestTargetID = F1465EFC23AA94BF0055F7C3;
					};
				};
			};
			buildConfigurationList = F1465EF823AA94BF0055F7C3 /* Build configuration list for PBXProject "KaMPStarteriOS" */;
			compatibilityVersion = "Xcode 9.3";
			developmentRegion = en;
			hasScannedForEncodings = 0;
			knownRegions = (
				en,
				Base,
			);
			mainGroup = F1465EF423AA94BF0055F7C3;
			productRefGroup = F1465EFE23AA94BF0055F7C3 /* Products */;
			projectDirPath = "";
			projectRoot = "";
			targets = (
				F1465EFC23AA94BF0055F7C3 /* KaMPStarteriOS */,
				F1465F1223AA94C00055F7C3 /* KaMPStarteriOSTests */,
				F1465F1D23AA94C00055F7C3 /* KaMPStarteriOSUITests */,
			);
		};
/* End PBXProject section */

/* Begin PBXResourcesBuildPhase section */
		F1465EFB23AA94BF0055F7C3 /* Resources */ = {
			isa = PBXResourcesBuildPhase;
			buildActionMask = 2147483647;
			files = (
				F1465F0D23AA94BF0055F7C3 /* LaunchScreen.storyboard in Resources */,
				F1465F0A23AA94BF0055F7C3 /* Assets.xcassets in Resources */,
				F1465F0823AA94BF0055F7C3 /* Main.storyboard in Resources */,
			);
			runOnlyForDeploymentPostprocessing = 0;
		};
		F1465F1123AA94C00055F7C3 /* Resources */ = {
			isa = PBXResourcesBuildPhase;
			buildActionMask = 2147483647;
			files = (
			);
			runOnlyForDeploymentPostprocessing = 0;
		};
		F1465F1C23AA94C00055F7C3 /* Resources */ = {
			isa = PBXResourcesBuildPhase;
			buildActionMask = 2147483647;
			files = (
			);
			runOnlyForDeploymentPostprocessing = 0;
		};
/* End PBXResourcesBuildPhase section */

/* Begin PBXShellScriptBuildPhase section */
		DE3B37D33D11C1968D62DBBA /* [CP] Check Pods Manifest.lock */ = {
			isa = PBXShellScriptBuildPhase;
			buildActionMask = 2147483647;
			files = (
			);
			inputFileListPaths = (
			);
			inputPaths = (
				"${PODS_PODFILE_DIR_PATH}/Podfile.lock",
				"${PODS_ROOT}/Manifest.lock",
			);
			name = "[CP] Check Pods Manifest.lock";
			outputFileListPaths = (
			);
			outputPaths = (
				"$(DERIVED_FILE_DIR)/Pods-KaMPStarteriOS-checkManifestLockResult.txt",
			);
			runOnlyForDeploymentPostprocessing = 0;
			shellPath = /bin/sh;
			shellScript = "diff \"${PODS_PODFILE_DIR_PATH}/Podfile.lock\" \"${PODS_ROOT}/Manifest.lock\" > /dev/null\nif [ $? != 0 ] ; then\n    # print error to STDERR\n    echo \"error: The sandbox is not in sync with the Podfile.lock. Run 'pod install' or update your CocoaPods installation.\" >&2\n    exit 1\nfi\n# This output is used by Xcode 'outputs' to avoid re-running this script phase.\necho \"SUCCESS\" > \"${SCRIPT_OUTPUT_FILE_0}\"\n";
			showEnvVarsInLog = 0;
		};
/* End PBXShellScriptBuildPhase section */

/* Begin PBXSourcesBuildPhase section */
		F1465EF923AA94BF0055F7C3 /* Sources */ = {
			isa = PBXSourcesBuildPhase;
			buildActionMask = 2147483647;
			files = (
				F1465F0523AA94BF0055F7C3 /* ViewController.swift in Sources */,
				F1465F0123AA94BF0055F7C3 /* AppDelegate.swift in Sources */,
			);
			runOnlyForDeploymentPostprocessing = 0;
		};
		F1465F0F23AA94C00055F7C3 /* Sources */ = {
			isa = PBXSourcesBuildPhase;
			buildActionMask = 2147483647;
			files = (
				F1465F1823AA94C00055F7C3 /* KaMPStarteriOSTests.swift in Sources */,
			);
			runOnlyForDeploymentPostprocessing = 0;
		};
		F1465F1A23AA94C00055F7C3 /* Sources */ = {
			isa = PBXSourcesBuildPhase;
			buildActionMask = 2147483647;
			files = (
				F1465F2323AA94C00055F7C3 /* KaMPStarteriOSUITests.swift in Sources */,
			);
			runOnlyForDeploymentPostprocessing = 0;
		};
/* End PBXSourcesBuildPhase section */

/* Begin PBXTargetDependency section */
		F1465F1523AA94C00055F7C3 /* PBXTargetDependency */ = {
			isa = PBXTargetDependency;
			target = F1465EFC23AA94BF0055F7C3 /* KaMPStarteriOS */;
			targetProxy = F1465F1423AA94C00055F7C3 /* PBXContainerItemProxy */;
		};
		F1465F2023AA94C00055F7C3 /* PBXTargetDependency */ = {
			isa = PBXTargetDependency;
			target = F1465EFC23AA94BF0055F7C3 /* KaMPStarteriOS */;
			targetProxy = F1465F1F23AA94C00055F7C3 /* PBXContainerItemProxy */;
		};
/* End PBXTargetDependency section */

/* Begin PBXVariantGroup section */
		F1465F0623AA94BF0055F7C3 /* Main.storyboard */ = {
			isa = PBXVariantGroup;
			children = (
				F1465F0723AA94BF0055F7C3 /* Base */,
			);
			name = Main.storyboard;
			sourceTree = "<group>";
		};
		F1465F0B23AA94BF0055F7C3 /* LaunchScreen.storyboard */ = {
			isa = PBXVariantGroup;
			children = (
				F1465F0C23AA94BF0055F7C3 /* Base */,
			);
			name = LaunchScreen.storyboard;
			sourceTree = "<group>";
		};
/* End PBXVariantGroup section */

/* Begin XCBuildConfiguration section */
		F1465F2523AA94C00055F7C3 /* Debug */ = {
			isa = XCBuildConfiguration;
			buildSettings = {
				ALWAYS_SEARCH_USER_PATHS = NO;
				CLANG_ANALYZER_NONNULL = YES;
				CLANG_ANALYZER_NUMBER_OBJECT_CONVERSION = YES_AGGRESSIVE;
				CLANG_CXX_LANGUAGE_STANDARD = "gnu++14";
				CLANG_CXX_LIBRARY = "libc++";
				CLANG_ENABLE_MODULES = YES;
				CLANG_ENABLE_OBJC_ARC = YES;
				CLANG_ENABLE_OBJC_WEAK = YES;
				CLANG_WARN_BLOCK_CAPTURE_AUTORELEASING = YES;
				CLANG_WARN_BOOL_CONVERSION = YES;
				CLANG_WARN_COMMA = YES;
				CLANG_WARN_CONSTANT_CONVERSION = YES;
				CLANG_WARN_DEPRECATED_OBJC_IMPLEMENTATIONS = YES;
				CLANG_WARN_DIRECT_OBJC_ISA_USAGE = YES_ERROR;
				CLANG_WARN_DOCUMENTATION_COMMENTS = YES;
				CLANG_WARN_EMPTY_BODY = YES;
				CLANG_WARN_ENUM_CONVERSION = YES;
				CLANG_WARN_INFINITE_RECURSION = YES;
				CLANG_WARN_INT_CONVERSION = YES;
				CLANG_WARN_NON_LITERAL_NULL_CONVERSION = YES;
				CLANG_WARN_OBJC_IMPLICIT_RETAIN_SELF = YES;
				CLANG_WARN_OBJC_LITERAL_CONVERSION = YES;
				CLANG_WARN_OBJC_ROOT_CLASS = YES_ERROR;
				CLANG_WARN_RANGE_LOOP_ANALYSIS = YES;
				CLANG_WARN_STRICT_PROTOTYPES = YES;
				CLANG_WARN_SUSPICIOUS_MOVE = YES;
				CLANG_WARN_UNGUARDED_AVAILABILITY = YES_AGGRESSIVE;
				CLANG_WARN_UNREACHABLE_CODE = YES;
				CLANG_WARN__DUPLICATE_METHOD_MATCH = YES;
				COPY_PHASE_STRIP = NO;
				DEBUG_INFORMATION_FORMAT = dwarf;
				ENABLE_STRICT_OBJC_MSGSEND = YES;
				ENABLE_TESTABILITY = YES;
				GCC_C_LANGUAGE_STANDARD = gnu11;
				GCC_DYNAMIC_NO_PIC = NO;
				GCC_NO_COMMON_BLOCKS = YES;
				GCC_OPTIMIZATION_LEVEL = 0;
				GCC_PREPROCESSOR_DEFINITIONS = (
					"DEBUG=1",
					"$(inherited)",
				);
				GCC_WARN_64_TO_32_BIT_CONVERSION = YES;
				GCC_WARN_ABOUT_RETURN_TYPE = YES_ERROR;
				GCC_WARN_UNDECLARED_SELECTOR = YES;
				GCC_WARN_UNINITIALIZED_AUTOS = YES_AGGRESSIVE;
				GCC_WARN_UNUSED_FUNCTION = YES;
				GCC_WARN_UNUSED_VARIABLE = YES;
				IPHONEOS_DEPLOYMENT_TARGET = 13.2;
				MTL_ENABLE_DEBUG_INFO = INCLUDE_SOURCE;
				MTL_FAST_MATH = YES;
				ONLY_ACTIVE_ARCH = YES;
				SDKROOT = iphoneos;
				SWIFT_ACTIVE_COMPILATION_CONDITIONS = DEBUG;
				SWIFT_OPTIMIZATION_LEVEL = "-Onone";
			};
			name = Debug;
		};
		F1465F2623AA94C00055F7C3 /* Release */ = {
			isa = XCBuildConfiguration;
			buildSettings = {
				ALWAYS_SEARCH_USER_PATHS = NO;
				CLANG_ANALYZER_NONNULL = YES;
				CLANG_ANALYZER_NUMBER_OBJECT_CONVERSION = YES_AGGRESSIVE;
				CLANG_CXX_LANGUAGE_STANDARD = "gnu++14";
				CLANG_CXX_LIBRARY = "libc++";
				CLANG_ENABLE_MODULES = YES;
				CLANG_ENABLE_OBJC_ARC = YES;
				CLANG_ENABLE_OBJC_WEAK = YES;
				CLANG_WARN_BLOCK_CAPTURE_AUTORELEASING = YES;
				CLANG_WARN_BOOL_CONVERSION = YES;
				CLANG_WARN_COMMA = YES;
				CLANG_WARN_CONSTANT_CONVERSION = YES;
				CLANG_WARN_DEPRECATED_OBJC_IMPLEMENTATIONS = YES;
				CLANG_WARN_DIRECT_OBJC_ISA_USAGE = YES_ERROR;
				CLANG_WARN_DOCUMENTATION_COMMENTS = YES;
				CLANG_WARN_EMPTY_BODY = YES;
				CLANG_WARN_ENUM_CONVERSION = YES;
				CLANG_WARN_INFINITE_RECURSION = YES;
				CLANG_WARN_INT_CONVERSION = YES;
				CLANG_WARN_NON_LITERAL_NULL_CONVERSION = YES;
				CLANG_WARN_OBJC_IMPLICIT_RETAIN_SELF = YES;
				CLANG_WARN_OBJC_LITERAL_CONVERSION = YES;
				CLANG_WARN_OBJC_ROOT_CLASS = YES_ERROR;
				CLANG_WARN_RANGE_LOOP_ANALYSIS = YES;
				CLANG_WARN_STRICT_PROTOTYPES = YES;
				CLANG_WARN_SUSPICIOUS_MOVE = YES;
				CLANG_WARN_UNGUARDED_AVAILABILITY = YES_AGGRESSIVE;
				CLANG_WARN_UNREACHABLE_CODE = YES;
				CLANG_WARN__DUPLICATE_METHOD_MATCH = YES;
				COPY_PHASE_STRIP = NO;
				DEBUG_INFORMATION_FORMAT = "dwarf-with-dsym";
				ENABLE_NS_ASSERTIONS = NO;
				ENABLE_STRICT_OBJC_MSGSEND = YES;
				GCC_C_LANGUAGE_STANDARD = gnu11;
				GCC_NO_COMMON_BLOCKS = YES;
				GCC_WARN_64_TO_32_BIT_CONVERSION = YES;
				GCC_WARN_ABOUT_RETURN_TYPE = YES_ERROR;
				GCC_WARN_UNDECLARED_SELECTOR = YES;
				GCC_WARN_UNINITIALIZED_AUTOS = YES_AGGRESSIVE;
				GCC_WARN_UNUSED_FUNCTION = YES;
				GCC_WARN_UNUSED_VARIABLE = YES;
				IPHONEOS_DEPLOYMENT_TARGET = 13.2;
				MTL_ENABLE_DEBUG_INFO = NO;
				MTL_FAST_MATH = YES;
				SDKROOT = iphoneos;
				SWIFT_COMPILATION_MODE = wholemodule;
				SWIFT_OPTIMIZATION_LEVEL = "-O";
				VALIDATE_PRODUCT = YES;
			};
			name = Release;
		};
		F1465F2823AA94C00055F7C3 /* Debug */ = {
			isa = XCBuildConfiguration;
			baseConfigurationReference = F9C259C83C689DF8F4602F38 /* Pods-KaMPStarteriOS.debug.xcconfig */;
			buildSettings = {
				ASSETCATALOG_COMPILER_APPICON_NAME = AppIcon;
				CODE_SIGN_STYLE = Automatic;
				DEVELOPMENT_TEAM = "";
				INFOPLIST_FILE = KaMPStarteriOS/Info.plist;
				LD_RUNPATH_SEARCH_PATHS = (
					"$(inherited)",
					"@executable_path/Frameworks",
				);
				OTHER_LDFLAGS = (
					"$(inherited)",
					"-ObjC",
					"-l\"c++\"",
					"-framework",
					"\"shared\"",
					"-lsqlite3",
				);
				PRODUCT_BUNDLE_IDENTIFIER = co.touchlab.kampstarter.ios;
				PRODUCT_NAME = "$(TARGET_NAME)";
				SWIFT_VERSION = 5.0;
				TARGETED_DEVICE_FAMILY = "1,2";
			};
			name = Debug;
		};
		F1465F2923AA94C00055F7C3 /* Release */ = {
			isa = XCBuildConfiguration;
			baseConfigurationReference = 1DFCC00C8DAA719770A18D1A /* Pods-KaMPStarteriOS.release.xcconfig */;
			buildSettings = {
				ASSETCATALOG_COMPILER_APPICON_NAME = AppIcon;
				CODE_SIGN_STYLE = Automatic;
				DEVELOPMENT_TEAM = "";
				INFOPLIST_FILE = KaMPStarteriOS/Info.plist;
				LD_RUNPATH_SEARCH_PATHS = (
					"$(inherited)",
					"@executable_path/Frameworks",
				);
				OTHER_LDFLAGS = (
					"$(inherited)",
					"-ObjC",
					"-l\"c++\"",
					"-framework",
					"\"shared\"",
					"-lsqlite3",
				);
				PRODUCT_BUNDLE_IDENTIFIER = co.touchlab.kampstarter.ios;
				PRODUCT_NAME = "$(TARGET_NAME)";
				SWIFT_VERSION = 5.0;
				TARGETED_DEVICE_FAMILY = "1,2";
			};
			name = Release;
		};
		F1465F2B23AA94C00055F7C3 /* Debug */ = {
			isa = XCBuildConfiguration;
			buildSettings = {
				ALWAYS_EMBED_SWIFT_STANDARD_LIBRARIES = YES;
				BUNDLE_LOADER = "$(TEST_HOST)";
				CODE_SIGN_STYLE = Automatic;
				INFOPLIST_FILE = KaMPStarteriOSTests/Info.plist;
				IPHONEOS_DEPLOYMENT_TARGET = 13.2;
				LD_RUNPATH_SEARCH_PATHS = (
					"$(inherited)",
					"@executable_path/Frameworks",
					"@loader_path/Frameworks",
				);
				PRODUCT_BUNDLE_IDENTIFIER = touchlab.KaMPStarteriOSTests;
				PRODUCT_NAME = "$(TARGET_NAME)";
				SWIFT_VERSION = 5.0;
				TARGETED_DEVICE_FAMILY = "1,2";
				TEST_HOST = "$(BUILT_PRODUCTS_DIR)/KaMPStarteriOS.app/KaMPStarteriOS";
			};
			name = Debug;
		};
		F1465F2C23AA94C00055F7C3 /* Release */ = {
			isa = XCBuildConfiguration;
			buildSettings = {
				ALWAYS_EMBED_SWIFT_STANDARD_LIBRARIES = YES;
				BUNDLE_LOADER = "$(TEST_HOST)";
				CODE_SIGN_STYLE = Automatic;
				INFOPLIST_FILE = KaMPStarteriOSTests/Info.plist;
				IPHONEOS_DEPLOYMENT_TARGET = 13.2;
				LD_RUNPATH_SEARCH_PATHS = (
					"$(inherited)",
					"@executable_path/Frameworks",
					"@loader_path/Frameworks",
				);
				PRODUCT_BUNDLE_IDENTIFIER = touchlab.KaMPStarteriOSTests;
				PRODUCT_NAME = "$(TARGET_NAME)";
				SWIFT_VERSION = 5.0;
				TARGETED_DEVICE_FAMILY = "1,2";
				TEST_HOST = "$(BUILT_PRODUCTS_DIR)/KaMPStarteriOS.app/KaMPStarteriOS";
			};
			name = Release;
		};
		F1465F2E23AA94C00055F7C3 /* Debug */ = {
			isa = XCBuildConfiguration;
			buildSettings = {
				ALWAYS_EMBED_SWIFT_STANDARD_LIBRARIES = YES;
				CODE_SIGN_STYLE = Automatic;
				INFOPLIST_FILE = KaMPStarteriOSUITests/Info.plist;
				LD_RUNPATH_SEARCH_PATHS = (
					"$(inherited)",
					"@executable_path/Frameworks",
					"@loader_path/Frameworks",
				);
				PRODUCT_BUNDLE_IDENTIFIER = touchlab.KaMPStarteriOSUITests;
				PRODUCT_NAME = "$(TARGET_NAME)";
				SWIFT_VERSION = 5.0;
				TARGETED_DEVICE_FAMILY = "1,2";
				TEST_TARGET_NAME = KaMPStarteriOS;
			};
			name = Debug;
		};
		F1465F2F23AA94C00055F7C3 /* Release */ = {
			isa = XCBuildConfiguration;
			buildSettings = {
				ALWAYS_EMBED_SWIFT_STANDARD_LIBRARIES = YES;
				CODE_SIGN_STYLE = Automatic;
				INFOPLIST_FILE = KaMPStarteriOSUITests/Info.plist;
				LD_RUNPATH_SEARCH_PATHS = (
					"$(inherited)",
					"@executable_path/Frameworks",
					"@loader_path/Frameworks",
				);
				PRODUCT_BUNDLE_IDENTIFIER = touchlab.KaMPStarteriOSUITests;
				PRODUCT_NAME = "$(TARGET_NAME)";
				SWIFT_VERSION = 5.0;
				TARGETED_DEVICE_FAMILY = "1,2";
				TEST_TARGET_NAME = KaMPStarteriOS;
			};
			name = Release;
		};
/* End XCBuildConfiguration section */

/* Begin XCConfigurationList section */
		F1465EF823AA94BF0055F7C3 /* Build configuration list for PBXProject "KaMPStarteriOS" */ = {
			isa = XCConfigurationList;
			buildConfigurations = (
				F1465F2523AA94C00055F7C3 /* Debug */,
				F1465F2623AA94C00055F7C3 /* Release */,
			);
			defaultConfigurationIsVisible = 0;
			defaultConfigurationName = Release;
		};
		F1465F2723AA94C00055F7C3 /* Build configuration list for PBXNativeTarget "KaMPStarteriOS" */ = {
			isa = XCConfigurationList;
			buildConfigurations = (
				F1465F2823AA94C00055F7C3 /* Debug */,
				F1465F2923AA94C00055F7C3 /* Release */,
			);
			defaultConfigurationIsVisible = 0;
			defaultConfigurationName = Release;
		};
		F1465F2A23AA94C00055F7C3 /* Build configuration list for PBXNativeTarget "KaMPStarteriOSTests" */ = {
			isa = XCConfigurationList;
			buildConfigurations = (
				F1465F2B23AA94C00055F7C3 /* Debug */,
				F1465F2C23AA94C00055F7C3 /* Release */,
			);
			defaultConfigurationIsVisible = 0;
			defaultConfigurationName = Release;
		};
		F1465F2D23AA94C00055F7C3 /* Build configuration list for PBXNativeTarget "KaMPStarteriOSUITests" */ = {
			isa = XCConfigurationList;
			buildConfigurations = (
				F1465F2E23AA94C00055F7C3 /* Debug */,
				F1465F2F23AA94C00055F7C3 /* Release */,
			);
			defaultConfigurationIsVisible = 0;
			defaultConfigurationName = Release;
		};
/* End XCConfigurationList section */
	};
	rootObject = F1465EF523AA94BF0055F7C3 /* Project object */;
}
